
Microsoft Visual Studio Solution File, Format Version 12.00
# Visual Studio Version 17
VisualStudioVersion = 17.14.36705.20 d17.14
MinimumVisualStudioVersion = 10.0.40219.1
Project("{FAE04EC0-301F-11D3-BF4B-00C04F79EFBC}") = "CQRS_To_ManageSystem", "CQRS_To_ManageSystem\CQRS_To_ManageSystem.csproj", "{DEA41326-EBAD-4208-B04E-10BBF3C7B3C0}"
EndProject
Project("{FAE04EC0-301F-11D3-BF4B-00C04F79EFBC}") = "CQRS_Layer1", "CQRS_Layer1\CQRS_Layer1.csproj", "{32096437-D62B-47E5-AF21-CF9DE9DAD872}"
EndProject
Global
	GlobalSection(SolutionConfigurationPlatforms) = preSolution
		Debug|Any CPU = Debug|Any CPU
		Release|Any CPU = Release|Any CPU
	EndGlobalSection
	GlobalSection(ProjectConfigurationPlatforms) = postSolution
		{DEA41326-EBAD-4208-B04E-10BBF3C7B3C0}.Debug|Any CPU.ActiveCfg = Debug|Any CPU
		{DEA41326-EBAD-4208-B04E-10BBF3C7B3C0}.Debug|Any CPU.Build.0 = Debug|Any CPU
		{DEA41326-EBAD-4208-B04E-10BBF3C7B3C0}.Release|Any CPU.ActiveCfg = Release|Any CPU
		{DEA41326-EBAD-4208-B04E-10BBF3C7B3C0}.Release|Any CPU.Build.0 = Release|Any CPU
		{32096437-D62B-47E5-AF21-CF9DE9DAD872}.Debug|Any CPU.ActiveCfg = Debug|Any CPU
		{32096437-D62B-47E5-AF21-CF9DE9DAD872}.Debug|Any CPU.Build.0 = Debug|Any CPU
		{32096437-D62B-47E5-AF21-CF9DE9DAD872}.Release|Any CPU.ActiveCfg = Release|Any CPU
		{32096437-D62B-47E5-AF21-CF9DE9DAD872}.Release|Any CPU.Build.0 = Release|Any CPU
	EndGlobalSection
	GlobalSection(SolutionProperties) = preSolution
		HideSolutionNode = FALSE
	EndGlobalSection
	GlobalSection(ExtensibilityGlobals) = postSolution
		SolutionGuid = {C42C566A-E2D4-401D-9845-EA30CFAC7AFE}
	EndGlobalSection
EndGlobal
